
Microsoft Visual Studio Solution File, Format Version 12.00
# Visual Studio Version 16
VisualStudioVersion = 16.0.31205.134
MinimumVisualStudioVersion = 10.0.40219.1
Project("{9A19103F-16F7-4668-BE54-9A1E7A4F7556}") = "AutoUpdate", "AutoUpdate.csproj", "{77462083-A625-43BB-8FD7-567C6732C2C2}"
EndProject
Global
	GlobalSection(SolutionConfigurationPlatforms) = preSolution
		Debug|x64 = Debug|x64
		Release|x64 = Release|x64
	EndGlobalSection
	GlobalSection(ProjectConfigurationPlatforms) = postSolution
		{77462083-A625-43BB-8FD7-567C6732C2C2}.Debug|x64.ActiveCfg = Debug|x64
		{77462083-A625-43BB-8FD7-567C6732C2C2}.Debug|x64.Build.0 = Debug|x64
		{77462083-A625-43BB-8FD7-567C6732C2C2}.Release|x64.ActiveCfg = Release|x64
		{77462083-A625-43BB-8FD7-567C6732C2C2}.Release|x64.Build.0 = Release|x64
	EndGlobalSection
	GlobalSection(SolutionProperties) = preSolution
		HideSolutionNode = FALSE
	EndGlobalSection
	GlobalSection(ExtensibilityGlobals) = postSolution
		SolutionGuid = {E3E828F9-EBF7-4BC8-84F6-99111CB589E1}
	EndGlobalSection
EndGlobal
